// !$*UTF8*$!
{
	archiveVersion = 1;
	classes = {
	};
	objectVersion = 56;
	objects = {

/* Begin PBXBuildFile section */
		3AE7B6C22C684D6700B2C4C1 /* AppDelegate.swift in Sources */ = {isa = PBXBuildFile; fileRef = 3AE7B6C12C684D6700B2C4C1 /* AppDelegate.swift */; };
		3AE7B6C42C684D6700B2C4C1 /* SceneDelegate.swift in Sources */ = {isa = PBXBuildFile; fileRef = 3AE7B6C32C684D6700B2C4C1 /* SceneDelegate.swift */; };
		3AE7B6C62C684D6700B2C4C1 /* ViewController.swift in Sources */ = {isa = PBXBuildFile; fileRef = 3AE7B6C52C684D6700B2C4C1 /* ViewController.swift */; };
		3AE7B6C92C684D6700B2C4C1 /* Base in Resources */ = {isa = PBXBuildFile; fileRef = 3AE7B6C82C684D6700B2C4C1 /* Base */; };
		3AE7B6CB2C684D6800B2C4C1 /* Assets.xcassets in Resources */ = {isa = PBXBuildFile; fileRef = 3AE7B6CA2C684D6800B2C4C1 /* Assets.xcassets */; };
		3AE7B6CE2C684D6800B2C4C1 /* Base in Resources */ = {isa = PBXBuildFile; fileRef = 3AE7B6CD2C684D6800B2C4C1 /* Base */; };
		3AE7B6D92C684D6800B2C4C1 /* Xcode13_3Tests.swift in Sources */ = {isa = PBXBuildFile; fileRef = 3AE7B6D82C684D6800B2C4C1 /* Xcode13_3Tests.swift */; };
		3AE7B6E32C684D6800B2C4C1 /* Xcode13_3UITests.swift in Sources */ = {isa = PBXBuildFile; fileRef = 3AE7B6E22C684D6800B2C4C1 /* Xcode13_3UITests.swift */; };
		3AE7B6E52C684D6800B2C4C1 /* Xcode13_3UITestsLaunchTests.swift in Sources */ = {isa = PBXBuildFile; fileRef = 3AE7B6E42C684D6800B2C4C1 /* Xcode13_3UITestsLaunchTests.swift */; };
/* End PBXBuildFile section */

/* Begin PBXContainerItemProxy section */
		3AE7B6D52C684D6800B2C4C1 /* PBXContainerItemProxy */ = {
			isa = PBXContainerItemProxy;
			containerPortal = 3AE7B6B62C684D6700B2C4C1 /* Project object */;
			proxyType = 1;
			remoteGlobalIDString = 3AE7B6BD2C684D6700B2C4C1;
			remoteInfo = Xcode13.3;
		};
		3AE7B6DF2C684D6800B2C4C1 /* PBXContainerItemProxy */ = {
			isa = PBXContainerItemProxy;
			containerPortal = 3AE7B6B62C684D6700B2C4C1 /* Project object */;
			proxyType = 1;
			remoteGlobalIDString = 3AE7B6BD2C684D6700B2C4C1;
			remoteInfo = Xcode13.3;
		};
/* End PBXContainerItemProxy section */

/* Begin PBXFileReference section */
		3AE7B6BE2C684D6700B2C4C1 /* Xcode13.3.app */ = {isa = PBXFileReference; explicitFileType = wrapper.application; includeInIndex = 0; path = Xcode13.3.app; sourceTree = BUILT_PRODUCTS_DIR; };
		3AE7B6C12C684D6700B2C4C1 /* AppDelegate.swift */ = {isa = PBXFileReference; lastKnownFileType = sourcecode.swift; path = AppDelegate.swift; sourceTree = "<group>"; };
		3AE7B6C32C684D6700B2C4C1 /* SceneDelegate.swift */ = {isa = PBXFileReference; lastKnownFileType = sourcecode.swift; path = SceneDelegate.swift; sourceTree = "<group>"; };
		3AE7B6C52C684D6700B2C4C1 /* ViewController.swift */ = {isa = PBXFileReference; lastKnownFileType = sourcecode.swift; path = ViewController.swift; sourceTree = "<group>"; };
		3AE7B6C82C684D6700B2C4C1 /* Base */ = {isa = PBXFileReference; lastKnownFileType = file.storyboard; name = Base; path = Base.lproj/Main.storyboard; sourceTree = "<group>"; };
		3AE7B6CA2C684D6800B2C4C1 /* Assets.xcassets */ = {isa = PBXFileReference; lastKnownFileType = folder.assetcatalog; path = Assets.xcassets; sourceTree = "<group>"; };
		3AE7B6CD2C684D6800B2C4C1 /* Base */ = {isa = PBXFileReference; lastKnownFileType = file.storyboard; name = Base; path = Base.lproj/LaunchScreen.storyboard; sourceTree = "<group>"; };
		3AE7B6CF2C684D6800B2C4C1 /* Info.plist */ = {isa = PBXFileReference; lastKnownFileType = text.plist.xml; path = Info.plist; sourceTree = "<group>"; };
		3AE7B6D42C684D6800B2C4C1 /* Xcode13.3Tests.xctest */ = {isa = PBXFileReference; explicitFileType = wrapper.cfbundle; includeInIndex = 0; path = Xcode13.3Tests.xctest; sourceTree = BUILT_PRODUCTS_DIR; };
		3AE7B6D82C684D6800B2C4C1 /* Xcode13_3Tests.swift */ = {isa = PBXFileReference; lastKnownFileType = sourcecode.swift; path = Xcode13_3Tests.swift; sourceTree = "<group>"; };
		3AE7B6DE2C684D6800B2C4C1 /* Xcode13.3UITests.xctest */ = {isa = PBXFileReference; explicitFileType = wrapper.cfbundle; includeInIndex = 0; path = Xcode13.3UITests.xctest; sourceTree = BUILT_PRODUCTS_DIR; };
		3AE7B6E22C684D6800B2C4C1 /* Xcode13_3UITests.swift */ = {isa = PBXFileReference; lastKnownFileType = sourcecode.swift; path = Xcode13_3UITests.swift; sourceTree = "<group>"; };
		3AE7B6E42C684D6800B2C4C1 /* Xcode13_3UITestsLaunchTests.swift */ = {isa = PBXFileReference; lastKnownFileType = sourcecode.swift; path = Xcode13_3UITestsLaunchTests.swift; sourceTree = "<group>"; };
/* End PBXFileReference section */

/* Begin PBXFrameworksBuildPhase section */
		3AE7B6BB2C684D6700B2C4C1 /* Frameworks */ = {
			isa = PBXFrameworksBuildPhase;
			buildActionMask = 2147483647;
			files = (
			);
			runOnlyForDeploymentPostprocessing = 0;
		};
		3AE7B6D12C684D6800B2C4C1 /* Frameworks */ = {
			isa = PBXFrameworksBuildPhase;
			buildActionMask = 2147483647;
			files = (
			);
			runOnlyForDeploymentPostprocessing = 0;
		};
		3AE7B6DB2C684D6800B2C4C1 /* Frameworks */ = {
			isa = PBXFrameworksBuildPhase;
			buildActionMask = 2147483647;
			files = (
			);
			runOnlyForDeploymentPostprocessing = 0;
		};
/* End PBXFrameworksBuildPhase section */

/* Begin PBXGroup section */
		3AE7B6B52C684D6700B2C4C1 = {
			isa = PBXGroup;
			children = (
				3AE7B6C02C684D6700B2C4C1 /* Xcode13.3 */,
				3AE7B6D72C684D6800B2C4C1 /* Xcode13.3Tests */,
				3AE7B6E12C684D6800B2C4C1 /* Xcode13.3UITests */,
				3AE7B6BF2C684D6700B2C4C1 /* Products */,
			);
			sourceTree = "<group>";
		};
		3AE7B6BF2C684D6700B2C4C1 /* Products */ = {
			isa = PBXGroup;
			children = (
				3AE7B6BE2C684D6700B2C4C1 /* Xcode13.3.app */,
				3AE7B6D42C684D6800B2C4C1 /* Xcode13.3Tests.xctest */,
				3AE7B6DE2C684D6800B2C4C1 /* Xcode13.3UITests.xctest */,
			);
			name = Products;
			sourceTree = "<group>";
		};
		3AE7B6C02C684D6700B2C4C1 /* Xcode13.3 */ = {
			isa = PBXGroup;
			children = (
				3AE7B6C12C684D6700B2C4C1 /* AppDelegate.swift */,
				3AE7B6C32C684D6700B2C4C1 /* SceneDelegate.swift */,
				3AE7B6C52C684D6700B2C4C1 /* ViewController.swift */,
				3AE7B6C72C684D6700B2C4C1 /* Main.storyboard */,
				3AE7B6CA2C684D6800B2C4C1 /* Assets.xcassets */,
				3AE7B6CC2C684D6800B2C4C1 /* LaunchScreen.storyboard */,
				3AE7B6CF2C684D6800B2C4C1 /* Info.plist */,
			);
			path = Xcode13.3;
			sourceTree = "<group>";
		};
		3AE7B6D72C684D6800B2C4C1 /* Xcode13.3Tests */ = {
			isa = PBXGroup;
			children = (
				3AE7B6D82C684D6800B2C4C1 /* Xcode13_3Tests.swift */,
			);
			path = Xcode13.3Tests;
			sourceTree = "<group>";
		};
		3AE7B6E12C684D6800B2C4C1 /* Xcode13.3UITests */ = {
			isa = PBXGroup;
			children = (
				3AE7B6E22C684D6800B2C4C1 /* Xcode13_3UITests.swift */,
				3AE7B6E42C684D6800B2C4C1 /* Xcode13_3UITestsLaunchTests.swift */,
			);
			path = Xcode13.3UITests;
			sourceTree = "<group>";
		};
/* End PBXGroup section */

/* Begin PBXNativeTarget section */
		3AE7B6BD2C684D6700B2C4C1 /* Xcode13.3 */ = {
			isa = PBXNativeTarget;
			buildConfigurationList = 3AE7B6E82C684D6800B2C4C1 /* Build configuration list for PBXNativeTarget "Xcode13.3" */;
			buildPhases = (
				3AE7B6BA2C684D6700B2C4C1 /* Sources */,
				3AE7B6BB2C684D6700B2C4C1 /* Frameworks */,
				3AE7B6BC2C684D6700B2C4C1 /* Resources */,
			);
			buildRules = (
			);
			dependencies = (
			);
			name = Xcode13.3;
			productName = Xcode13.3;
			productReference = 3AE7B6BE2C684D6700B2C4C1 /* Xcode13.3.app */;
			productType = "com.apple.product-type.application";
		};
		3AE7B6D32C684D6800B2C4C1 /* Xcode13.3Tests */ = {
			isa = PBXNativeTarget;
			buildConfigurationList = 3AE7B6EB2C684D6800B2C4C1 /* Build configuration list for PBXNativeTarget "Xcode13.3Tests" */;
			buildPhases = (
				3AE7B6D02C684D6800B2C4C1 /* Sources */,
				3AE7B6D12C684D6800B2C4C1 /* Frameworks */,
				3AE7B6D22C684D6800B2C4C1 /* Resources */,
			);
			buildRules = (
			);
			dependencies = (
				3AE7B6D62C684D6800B2C4C1 /* PBXTargetDependency */,
			);
			name = Xcode13.3Tests;
			productName = Xcode13.3Tests;
			productReference = 3AE7B6D42C684D6800B2C4C1 /* Xcode13.3Tests.xctest */;
			productType = "com.apple.product-type.bundle.unit-test";
		};
		3AE7B6DD2C684D6800B2C4C1 /* Xcode13.3UITests */ = {
			isa = PBXNativeTarget;
			buildConfigurationList = 3AE7B6EE2C684D6800B2C4C1 /* Build configuration list for PBXNativeTarget "Xcode13.3UITests" */;
			buildPhases = (
				3AE7B6DA2C684D6800B2C4C1 /* Sources */,
				3AE7B6DB2C684D6800B2C4C1 /* Frameworks */,
				3AE7B6DC2C684D6800B2C4C1 /* Resources */,
			);
			buildRules = (
			);
			dependencies = (
				3AE7B6E02C684D6800B2C4C1 /* PBXTargetDependency */,
			);
			name = Xcode13.3UITests;
			productName = Xcode13.3UITests;
			productReference = 3AE7B6DE2C684D6800B2C4C1 /* Xcode13.3UITests.xctest */;
			productType = "com.apple.product-type.bundle.ui-testing";
		};
/* End PBXNativeTarget section */

/* Begin PBXProject section */
		3AE7B6B62C684D6700B2C4C1 /* Project object */ = {
			isa = PBXProject;
			attributes = {
				BuildIndependentTargetsInParallel = 1;
				LastSwiftUpdateCheck = 1530;
				LastUpgradeCheck = 1530;
				TargetAttributes = {
					3AE7B6BD2C684D6700B2C4C1 = {
						CreatedOnToolsVersion = 15.3;
					};
					3AE7B6D32C684D6800B2C4C1 = {
						CreatedOnToolsVersion = 15.3;
						TestTargetID = 3AE7B6BD2C684D6700B2C4C1;
					};
					3AE7B6DD2C684D6800B2C4C1 = {
						CreatedOnToolsVersion = 15.3;
						TestTargetID = 3AE7B6BD2C684D6700B2C4C1;
					};
				};
			};
			buildConfigurationList = 3AE7B6B92C684D6700B2C4C1 /* Build configuration list for PBXProject "Xcode13.3" */;
			compatibilityVersion = "Xcode 14.0";
			developmentRegion = en;
			hasScannedForEncodings = 0;
			knownRegions = (
				en,
				Base,
			);
			mainGroup = 3AE7B6B52C684D6700B2C4C1;
			productRefGroup = 3AE7B6BF2C684D6700B2C4C1 /* Products */;
			projectDirPath = "";
			projectRoot = "";
			targets = (
				3AE7B6BD2C684D6700B2C4C1 /* Xcode13.3 */,
				3AE7B6D32C684D6800B2C4C1 /* Xcode13.3Tests */,
				3AE7B6DD2C684D6800B2C4C1 /* Xcode13.3UITests */,
			);
		};
/* End PBXProject section */

/* Begin PBXResourcesBuildPhase section */
		3AE7B6BC2C684D6700B2C4C1 /* Resources */ = {
			isa = PBXResourcesBuildPhase;
			buildActionMask = 2147483647;
			files = (
				3AE7B6CB2C684D6800B2C4C1 /* Assets.xcassets in Resources */,
				3AE7B6CE2C684D6800B2C4C1 /* Base in Resources */,
				3AE7B6C92C684D6700B2C4C1 /* Base in Resources */,
			);
			runOnlyForDeploymentPostprocessing = 0;
		};
		3AE7B6D22C684D6800B2C4C1 /* Resources */ = {
			isa = PBXResourcesBuildPhase;
			buildActionMask = 2147483647;
			files = (
			);
			runOnlyForDeploymentPostprocessing = 0;
		};
		3AE7B6DC2C684D6800B2C4C1 /* Resources */ = {
			isa = PBXResourcesBuildPhase;
			buildActionMask = 2147483647;
			files = (
			);
			runOnlyForDeploymentPostprocessing = 0;
		};
/* End PBXResourcesBuildPhase section */

/* Begin PBXSourcesBuildPhase section */
		3AE7B6BA2C684D6700B2C4C1 /* Sources */ = {
			isa = PBXSourcesBuildPhase;
			buildActionMask = 2147483647;
			files = (
				3AE7B6C62C684D6700B2C4C1 /* ViewController.swift in Sources */,
				3AE7B6C22C684D6700B2C4C1 /* AppDelegate.swift in Sources */,
				3AE7B6C42C684D6700B2C4C1 /* SceneDelegate.swift in Sources */,
			);
			runOnlyForDeploymentPostprocessing = 0;
		};
		3AE7B6D02C684D6800B2C4C1 /* Sources */ = {
			isa = PBXSourcesBuildPhase;
			buildActionMask = 2147483647;
			files = (
				3AE7B6D92C684D6800B2C4C1 /* Xcode13_3Tests.swift in Sources */,
			);
			runOnlyForDeploymentPostprocessing = 0;
		};
		3AE7B6DA2C684D6800B2C4C1 /* Sources */ = {
			isa = PBXSourcesBuildPhase;
			buildActionMask = 2147483647;
			files = (
				3AE7B6E52C684D6800B2C4C1 /* Xcode13_3UITestsLaunchTests.swift in Sources */,
				3AE7B6E32C684D6800B2C4C1 /* Xcode13_3UITests.swift in Sources */,
			);
			runOnlyForDeploymentPostprocessing = 0;
		};
/* End PBXSourcesBuildPhase section */

/* Begin PBXTargetDependency section */
		3AE7B6D62C684D6800B2C4C1 /* PBXTargetDependency */ = {
			isa = PBXTargetDependency;
			target = 3AE7B6BD2C684D6700B2C4C1 /* Xcode13.3 */;
			targetProxy = 3AE7B6D52C684D6800B2C4C1 /* PBXContainerItemProxy */;
		};
		3AE7B6E02C684D6800B2C4C1 /* PBXTargetDependency */ = {
			isa = PBXTargetDependency;
			target = 3AE7B6BD2C684D6700B2C4C1 /* Xcode13.3 */;
			targetProxy = 3AE7B6DF2C684D6800B2C4C1 /* PBXContainerItemProxy */;
		};
/* End PBXTargetDependency section */

/* Begin PBXVariantGroup section */
		3AE7B6C72C684D6700B2C4C1 /* Main.storyboard */ = {
			isa = PBXVariantGroup;
			children = (
				3AE7B6C82C684D6700B2C4C1 /* Base */,
			);
			name = Main.storyboard;
			sourceTree = "<group>";
		};
		3AE7B6CC2C684D6800B2C4C1 /* LaunchScreen.storyboard */ = {
			isa = PBXVariantGroup;
			children = (
				3AE7B6CD2C684D6800B2C4C1 /* Base */,
			);
			name = LaunchScreen.storyboard;
			sourceTree = "<group>";
		};
/* End PBXVariantGroup section */

/* Begin XCBuildConfiguration section */
		3AE7B6E62C684D6800B2C4C1 /* Debug */ = {
			isa = XCBuildConfiguration;
			buildSettings = {
				ALWAYS_SEARCH_USER_PATHS = NO;
				ASSETCATALOG_COMPILER_GENERATE_SWIFT_ASSET_SYMBOL_EXTENSIONS = YES;
				CLANG_ANALYZER_NONNULL = YES;
				CLANG_ANALYZER_NUMBER_OBJECT_CONVERSION = YES_AGGRESSIVE;
				CLANG_CXX_LANGUAGE_STANDARD = "gnu++20";
				CLANG_ENABLE_MODULES = YES;
				CLANG_ENABLE_OBJC_ARC = YES;
				CLANG_ENABLE_OBJC_WEAK = YES;
				CLANG_WARN_BLOCK_CAPTURE_AUTORELEASING = YES;
				CLANG_WARN_BOOL_CONVERSION = YES;
				CLANG_WARN_COMMA = YES;
				CLANG_WARN_CONSTANT_CONVERSION = YES;
				CLANG_WARN_DEPRECATED_OBJC_IMPLEMENTATIONS = YES;
				CLANG_WARN_DIRECT_OBJC_ISA_USAGE = YES_ERROR;
				CLANG_WARN_DOCUMENTATION_COMMENTS = YES;
				CLANG_WARN_EMPTY_BODY = YES;
				CLANG_WARN_ENUM_CONVERSION = YES;
				CLANG_WARN_INFINITE_RECURSION = YES;
				CLANG_WARN_INT_CONVERSION = YES;
				CLANG_WARN_NON_LITERAL_NULL_CONVERSION = YES;
				CLANG_WARN_OBJC_IMPLICIT_RETAIN_SELF = YES;
				CLANG_WARN_OBJC_LITERAL_CONVERSION = YES;
				CLANG_WARN_OBJC_ROOT_CLASS = YES_ERROR;
				CLANG_WARN_QUOTED_INCLUDE_IN_FRAMEWORK_HEADER = YES;
				CLANG_WARN_RANGE_LOOP_ANALYSIS = YES;
				CLANG_WARN_STRICT_PROTOTYPES = YES;
				CLANG_WARN_SUSPICIOUS_MOVE = YES;
				CLANG_WARN_UNGUARDED_AVAILABILITY = YES_AGGRESSIVE;
				CLANG_WARN_UNREACHABLE_CODE = YES;
				CLANG_WARN__DUPLICATE_METHOD_MATCH = YES;
				COPY_PHASE_STRIP = NO;
				DEBUG_INFORMATION_FORMAT = dwarf;
				ENABLE_STRICT_OBJC_MSGSEND = YES;
				ENABLE_TESTABILITY = YES;
				ENABLE_USER_SCRIPT_SANDBOXING = YES;
				GCC_C_LANGUAGE_STANDARD = gnu17;
				GCC_DYNAMIC_NO_PIC = NO;
				GCC_NO_COMMON_BLOCKS = YES;
				GCC_OPTIMIZATION_LEVEL = 0;
				GCC_PREPROCESSOR_DEFINITIONS = (
					"DEBUG=1",
					"$(inherited)",
				);
				GCC_WARN_64_TO_32_BIT_CONVERSION = YES;
				GCC_WARN_ABOUT_RETURN_TYPE = YES_ERROR;
				GCC_WARN_UNDECLARED_SELECTOR = YES;
				GCC_WARN_UNINITIALIZED_AUTOS = YES_AGGRESSIVE;
				GCC_WARN_UNUSED_FUNCTION = YES;
				GCC_WARN_UNUSED_VARIABLE = YES;
				IPHONEOS_DEPLOYMENT_TARGET = 17.4;
				LOCALIZATION_PREFERS_STRING_CATALOGS = YES;
				MTL_ENABLE_DEBUG_INFO = INCLUDE_SOURCE;
				MTL_FAST_MATH = YES;
				ONLY_ACTIVE_ARCH = YES;
				SDKROOT = iphoneos;
				SWIFT_ACTIVE_COMPILATION_CONDITIONS = "DEBUG $(inherited)";
				SWIFT_OPTIMIZATION_LEVEL = "-Onone";
			};
			name = Debug;
		};
		3AE7B6E72C684D6800B2C4C1 /* Release */ = {
			isa = XCBuildConfiguration;
			buildSettings = {
				ALWAYS_SEARCH_USER_PATHS = NO;
				ASSETCATALOG_COMPILER_GENERATE_SWIFT_ASSET_SYMBOL_EXTENSIONS = YES;
				CLANG_ANALYZER_NONNULL = YES;
				CLANG_ANALYZER_NUMBER_OBJECT_CONVERSION = YES_AGGRESSIVE;
				CLANG_CXX_LANGUAGE_STANDARD = "gnu++20";
				CLANG_ENABLE_MODULES = YES;
				CLANG_ENABLE_OBJC_ARC = YES;
				CLANG_ENABLE_OBJC_WEAK = YES;
				CLANG_WARN_BLOCK_CAPTURE_AUTORELEASING = YES;
				CLANG_WARN_BOOL_CONVERSION = YES;
				CLANG_WARN_COMMA = YES;
				CLANG_WARN_CONSTANT_CONVERSION = YES;
				CLANG_WARN_DEPRECATED_OBJC_IMPLEMENTATIONS = YES;
				CLANG_WARN_DIRECT_OBJC_ISA_USAGE = YES_ERROR;
				CLANG_WARN_DOCUMENTATION_COMMENTS = YES;
				CLANG_WARN_EMPTY_BODY = YES;
				CLANG_WARN_ENUM_CONVERSION = YES;
				CLANG_WARN_INFINITE_RECURSION = YES;
				CLANG_WARN_INT_CONVERSION = YES;
				CLANG_WARN_NON_LITERAL_NULL_CONVERSION = YES;
				CLANG_WARN_OBJC_IMPLICIT_RETAIN_SELF = YES;
				CLANG_WARN_OBJC_LITERAL_CONVERSION = YES;
				CLANG_WARN_OBJC_ROOT_CLASS = YES_ERROR;
				CLANG_WARN_QUOTED_INCLUDE_IN_FRAMEWORK_HEADER = YES;
				CLANG_WARN_RANGE_LOOP_ANALYSIS = YES;
				CLANG_WARN_STRICT_PROTOTYPES = YES;
				CLANG_WARN_SUSPICIOUS_MOVE = YES;
				CLANG_WARN_UNGUARDED_AVAILABILITY = YES_AGGRESSIVE;
				CLANG_WARN_UNREACHABLE_CODE = YES;
				CLANG_WARN__DUPLICATE_METHOD_MATCH = YES;
				COPY_PHASE_STRIP = NO;
				DEBUG_INFORMATION_FORMAT = "dwarf-with-dsym";
				ENABLE_NS_ASSERTIONS = NO;
				ENABLE_STRICT_OBJC_MSGSEND = YES;
				ENABLE_USER_SCRIPT_SANDBOXING = YES;
				GCC_C_LANGUAGE_STANDARD = gnu17;
				GCC_NO_COMMON_BLOCKS = YES;
				GCC_WARN_64_TO_32_BIT_CONVERSION = YES;
				GCC_WARN_ABOUT_RETURN_TYPE = YES_ERROR;
				GCC_WARN_UNDECLARED_SELECTOR = YES;
				GCC_WARN_UNINITIALIZED_AUTOS = YES_AGGRESSIVE;
				GCC_WARN_UNUSED_FUNCTION = YES;
				GCC_WARN_UNUSED_VARIABLE = YES;
				IPHONEOS_DEPLOYMENT_TARGET = 17.4;
				LOCALIZATION_PREFERS_STRING_CATALOGS = YES;
				MTL_ENABLE_DEBUG_INFO = NO;
				MTL_FAST_MATH = YES;
				SDKROOT = iphoneos;
				SWIFT_COMPILATION_MODE = wholemodule;
				VALIDATE_PRODUCT = YES;
			};
			name = Release;
		};
		3AE7B6E92C684D6800B2C4C1 /* Debug */ = {
			isa = XCBuildConfiguration;
			buildSettings = {
				ASSETCATALOG_COMPILER_APPICON_NAME = AppIcon;
				ASSETCATALOG_COMPILER_GLOBAL_ACCENT_COLOR_NAME = AccentColor;
				CODE_SIGN_STYLE = Automatic;
				CURRENT_PROJECT_VERSION = 1;
				GENERATE_INFOPLIST_FILE = YES;
				INFOPLIST_FILE = Xcode13.3/Info.plist;
				INFOPLIST_KEY_UIApplicationSupportsIndirectInputEvents = YES;
				INFOPLIST_KEY_UILaunchStoryboardName = LaunchScreen;
				INFOPLIST_KEY_UIMainStoryboardFile = Main;
				INFOPLIST_KEY_UISupportedInterfaceOrientations_iPad = "UIInterfaceOrientationPortrait UIInterfaceOrientationPortraitUpsideDown UIInterfaceOrientationLandscapeLeft UIInterfaceOrientationLandscapeRight";
				INFOPLIST_KEY_UISupportedInterfaceOrientations_iPhone = "UIInterfaceOrientationPortrait UIInterfaceOrientationLandscapeLeft UIInterfaceOrientationLandscapeRight";
				LD_RUNPATH_SEARCH_PATHS = (
					"$(inherited)",
					"@executable_path/Frameworks",
				);
				MARKETING_VERSION = 1.0;
				PRODUCT_BUNDLE_IDENTIFIER = "com.tarappo.Xcode13-3";
				PRODUCT_NAME = "$(TARGET_NAME)";
				SWIFT_EMIT_LOC_STRINGS = YES;
				SWIFT_VERSION = 5.0;
				TARGETED_DEVICE_FAMILY = "1,2";
			};
			name = Debug;
		};
		3AE7B6EA2C684D6800B2C4C1 /* Release */ = {
			isa = XCBuildConfiguration;
			buildSettings = {
				ASSETCATALOG_COMPILER_APPICON_NAME = AppIcon;
				ASSETCATALOG_COMPILER_GLOBAL_ACCENT_COLOR_NAME = AccentColor;
				CODE_SIGN_STYLE = Automatic;
				CURRENT_PROJECT_VERSION = 1;
				GENERATE_INFOPLIST_FILE = YES;
				INFOPLIST_FILE = Xcode13.3/Info.plist;
				INFOPLIST_KEY_UIApplicationSupportsIndirectInputEvents = YES;
				INFOPLIST_KEY_UILaunchStoryboardName = LaunchScreen;
				INFOPLIST_KEY_UIMainStoryboardFile = Main;
				INFOPLIST_KEY_UISupportedInterfaceOrientations_iPad = "UIInterfaceOrientationPortrait UIInterfaceOrientationPortraitUpsideDown UIInterfaceOrientationLandscapeLeft UIInterfaceOrientationLandscapeRight";
				INFOPLIST_KEY_UISupportedInterfaceOrientations_iPhone = "UIInterfaceOrientationPortrait UIInterfaceOrientationLandscapeLeft UIInterfaceOrientationLandscapeRight";
				LD_RUNPATH_SEARCH_PATHS = (
					"$(inherited)",
					"@executable_path/Frameworks",
				);
				MARKETING_VERSION = 1.0;
				PRODUCT_BUNDLE_IDENTIFIER = "com.tarappo.Xcode13-3";
				PRODUCT_NAME = "$(TARGET_NAME)";
				SWIFT_EMIT_LOC_STRINGS = YES;
				SWIFT_VERSION = 5.0;
				TARGETED_DEVICE_FAMILY = "1,2";
			};
			name = Release;
		};
		3AE7B6EC2C684D6800B2C4C1 /* Debug */ = {
			isa = XCBuildConfiguration;
			buildSettings = {
				ALWAYS_EMBED_SWIFT_STANDARD_LIBRARIES = YES;
				BUNDLE_LOADER = "$(TEST_HOST)";
				CODE_SIGN_STYLE = Automatic;
				CURRENT_PROJECT_VERSION = 1;
				GENERATE_INFOPLIST_FILE = YES;
				IPHONEOS_DEPLOYMENT_TARGET = 17.4;
				MARKETING_VERSION = 1.0;
				PRODUCT_BUNDLE_IDENTIFIER = "com.tarappo.Xcode13-3Tests";
				PRODUCT_NAME = "$(TARGET_NAME)";
				SWIFT_EMIT_LOC_STRINGS = NO;
				SWIFT_VERSION = 5.0;
				TARGETED_DEVICE_FAMILY = "1,2";
				TEST_HOST = "$(BUILT_PRODUCTS_DIR)/Xcode13.3.app/$(BUNDLE_EXECUTABLE_FOLDER_PATH)/Xcode13.3";
			};
			name = Debug;
		};
		3AE7B6ED2C684D6800B2C4C1 /* Release */ = {
			isa = XCBuildConfiguration;
			buildSettings = {
				ALWAYS_EMBED_SWIFT_STANDARD_LIBRARIES = YES;
				BUNDLE_LOADER = "$(TEST_HOST)";
				CODE_SIGN_STYLE = Automatic;
				CURRENT_PROJECT_VERSION = 1;
				GENERATE_INFOPLIST_FILE = YES;
				IPHONEOS_DEPLOYMENT_TARGET = 17.4;
				MARKETING_VERSION = 1.0;
				PRODUCT_BUNDLE_IDENTIFIER = "com.tarappo.Xcode13-3Tests";
				PRODUCT_NAME = "$(TARGET_NAME)";
				SWIFT_EMIT_LOC_STRINGS = NO;
				SWIFT_VERSION = 5.0;
				TARGETED_DEVICE_FAMILY = "1,2";
				TEST_HOST = "$(BUILT_PRODUCTS_DIR)/Xcode13.3.app/$(BUNDLE_EXECUTABLE_FOLDER_PATH)/Xcode13.3";
			};
			name = Release;
		};
		3AE7B6EF2C684D6800B2C4C1 /* Debug */ = {
			isa = XCBuildConfiguration;
			buildSettings = {
				ALWAYS_EMBED_SWIFT_STANDARD_LIBRARIES = YES;
				CODE_SIGN_STYLE = Automatic;
				CURRENT_PROJECT_VERSION = 1;
				GENERATE_INFOPLIST_FILE = YES;
				MARKETING_VERSION = 1.0;
				PRODUCT_BUNDLE_IDENTIFIER = "com.tarappo.Xcode13-3UITests";
				PRODUCT_NAME = "$(TARGET_NAME)";
				SWIFT_EMIT_LOC_STRINGS = NO;
				SWIFT_VERSION = 5.0;
				TARGETED_DEVICE_FAMILY = "1,2";
				TEST_TARGET_NAME = Xcode13.3;
			};
			name = Debug;
		};
		3AE7B6F02C684D6800B2C4C1 /* Release */ = {
			isa = XCBuildConfiguration;
			buildSettings = {
				ALWAYS_EMBED_SWIFT_STANDARD_LIBRARIES = YES;
				CODE_SIGN_STYLE = Automatic;
				CURRENT_PROJECT_VERSION = 1;
				GENERATE_INFOPLIST_FILE = YES;
				MARKETING_VERSION = 1.0;
				PRODUCT_BUNDLE_IDENTIFIER = "com.tarappo.Xcode13-3UITests";
				PRODUCT_NAME = "$(TARGET_NAME)";
				SWIFT_EMIT_LOC_STRINGS = NO;
				SWIFT_VERSION = 5.0;
				TARGETED_DEVICE_FAMILY = "1,2";
				TEST_TARGET_NAME = Xcode13.3;
			};
			name = Release;
		};
/* End XCBuildConfiguration section */

/* Begin XCConfigurationList section */
		3AE7B6B92C684D6700B2C4C1 /* Build configuration list for PBXProject "Xcode13.3" */ = {
			isa = XCConfigurationList;
			buildConfigurations = (
				3AE7B6E62C684D6800B2C4C1 /* Debug */,
				3AE7B6E72C684D6800B2C4C1 /* Release */,
			);
			defaultConfigurationIsVisible = 0;
			defaultConfigurationName = Release;
		};
		3AE7B6E82C684D6800B2C4C1 /* Build configuration list for PBXNativeTarget "Xcode13.3" */ = {
			isa = XCConfigurationList;
			buildConfigurations = (
				3AE7B6E92C684D6800B2C4C1 /* Debug */,
				3AE7B6EA2C684D6800B2C4C1 /* Release */,
			);
			defaultConfigurationIsVisible = 0;
			defaultConfigurationName = Release;
		};
		3AE7B6EB2C684D6800B2C4C1 /* Build configuration list for PBXNativeTarget "Xcode13.3Tests" */ = {
			isa = XCConfigurationList;
			buildConfigurations = (
				3AE7B6EC2C684D6800B2C4C1 /* Debug */,
				3AE7B6ED2C684D6800B2C4C1 /* Release */,
			);
			defaultConfigurationIsVisible = 0;
			defaultConfigurationName = Release;
		};
		3AE7B6EE2C684D6800B2C4C1 /* Build configuration list for PBXNativeTarget "Xcode13.3UITests" */ = {
			isa = XCConfigurationList;
			buildConfigurations = (
				3AE7B6EF2C684D6800B2C4C1 /* Debug */,
				3AE7B6F02C684D6800B2C4C1 /* Release */,
			);
			defaultConfigurationIsVisible = 0;
			defaultConfigurationName = Release;
		};
/* End XCConfigurationList section */
	};
	rootObject = 3AE7B6B62C684D6700B2C4C1 /* Project object */;
}
