// !$*UTF8*$!
{
	archiveVersion = 1;
	classes = {
	};
	objectVersion = 56;
	objects = {

/* Begin PBXBuildFile section */
		3A0CBDD42C5365B2000A6098 /* AppDelegate.swift in Sources */ = {isa = PBXBuildFile; fileRef = 3A0CBDD32C5365B2000A6098 /* AppDelegate.swift */; };
		3A0CBDD62C5365B2000A6098 /* SceneDelegate.swift in Sources */ = {isa = PBXBuildFile; fileRef = 3A0CBDD52C5365B2000A6098 /* SceneDelegate.swift */; };
		3A0CBDD82C5365B2000A6098 /* ViewController.swift in Sources */ = {isa = PBXBuildFile; fileRef = 3A0CBDD72C5365B2000A6098 /* ViewController.swift */; };
		3A0CBDDB2C5365B2000A6098 /* Base in Resources */ = {isa = PBXBuildFile; fileRef = 3A0CBDDA2C5365B2000A6098 /* Base */; };
		3A0CBDDD2C5365B3000A6098 /* Assets.xcassets in Resources */ = {isa = PBXBuildFile; fileRef = 3A0CBDDC2C5365B3000A6098 /* Assets.xcassets */; };
		3A0CBDE02C5365B3000A6098 /* Base in Resources */ = {isa = PBXBuildFile; fileRef = 3A0CBDDF2C5365B3000A6098 /* Base */; };
		3A0CBDEB2C5365B3000A6098 /* Xcode12_0Tests.swift in Sources */ = {isa = PBXBuildFile; fileRef = 3A0CBDEA2C5365B3000A6098 /* Xcode12_0Tests.swift */; };
		3A0CBDF52C5365B3000A6098 /* Xcode12_0UITests.swift in Sources */ = {isa = PBXBuildFile; fileRef = 3A0CBDF42C5365B3000A6098 /* Xcode12_0UITests.swift */; };
		3A0CBDF72C5365B3000A6098 /* Xcode12_0UITestsLaunchTests.swift in Sources */ = {isa = PBXBuildFile; fileRef = 3A0CBDF62C5365B3000A6098 /* Xcode12_0UITestsLaunchTests.swift */; };
/* End PBXBuildFile section */

/* Begin PBXContainerItemProxy section */
		3A0CBDE72C5365B3000A6098 /* PBXContainerItemProxy */ = {
			isa = PBXContainerItemProxy;
			containerPortal = 3A0CBDC82C5365B1000A6098 /* Project object */;
			proxyType = 1;
			remoteGlobalIDString = 3A0CBDCF2C5365B2000A6098;
			remoteInfo = Xcode12.0;
		};
		3A0CBDF12C5365B3000A6098 /* PBXContainerItemProxy */ = {
			isa = PBXContainerItemProxy;
			containerPortal = 3A0CBDC82C5365B1000A6098 /* Project object */;
			proxyType = 1;
			remoteGlobalIDString = 3A0CBDCF2C5365B2000A6098;
			remoteInfo = Xcode12.0;
		};
/* End PBXContainerItemProxy section */

/* Begin PBXFileReference section */
		3A0CBDD02C5365B2000A6098 /* Xcode12.0.app */ = {isa = PBXFileReference; explicitFileType = wrapper.application; includeInIndex = 0; path = Xcode12.0.app; sourceTree = BUILT_PRODUCTS_DIR; };
		3A0CBDD32C5365B2000A6098 /* AppDelegate.swift */ = {isa = PBXFileReference; lastKnownFileType = sourcecode.swift; path = AppDelegate.swift; sourceTree = "<group>"; };
		3A0CBDD52C5365B2000A6098 /* SceneDelegate.swift */ = {isa = PBXFileReference; lastKnownFileType = sourcecode.swift; path = SceneDelegate.swift; sourceTree = "<group>"; };
		3A0CBDD72C5365B2000A6098 /* ViewController.swift */ = {isa = PBXFileReference; lastKnownFileType = sourcecode.swift; path = ViewController.swift; sourceTree = "<group>"; };
		3A0CBDDA2C5365B2000A6098 /* Base */ = {isa = PBXFileReference; lastKnownFileType = file.storyboard; name = Base; path = Base.lproj/Main.storyboard; sourceTree = "<group>"; };
		3A0CBDDC2C5365B3000A6098 /* Assets.xcassets */ = {isa = PBXFileReference; lastKnownFileType = folder.assetcatalog; path = Assets.xcassets; sourceTree = "<group>"; };
		3A0CBDDF2C5365B3000A6098 /* Base */ = {isa = PBXFileReference; lastKnownFileType = file.storyboard; name = Base; path = Base.lproj/LaunchScreen.storyboard; sourceTree = "<group>"; };
		3A0CBDE12C5365B3000A6098 /* Info.plist */ = {isa = PBXFileReference; lastKnownFileType = text.plist.xml; path = Info.plist; sourceTree = "<group>"; };
		3A0CBDE62C5365B3000A6098 /* Xcode12.0Tests.xctest */ = {isa = PBXFileReference; explicitFileType = wrapper.cfbundle; includeInIndex = 0; path = Xcode12.0Tests.xctest; sourceTree = BUILT_PRODUCTS_DIR; };
		3A0CBDEA2C5365B3000A6098 /* Xcode12_0Tests.swift */ = {isa = PBXFileReference; lastKnownFileType = sourcecode.swift; path = Xcode12_0Tests.swift; sourceTree = "<group>"; };
		3A0CBDF02C5365B3000A6098 /* Xcode12.0UITests.xctest */ = {isa = PBXFileReference; explicitFileType = wrapper.cfbundle; includeInIndex = 0; path = Xcode12.0UITests.xctest; sourceTree = BUILT_PRODUCTS_DIR; };
		3A0CBDF42C5365B3000A6098 /* Xcode12_0UITests.swift */ = {isa = PBXFileReference; lastKnownFileType = sourcecode.swift; path = Xcode12_0UITests.swift; sourceTree = "<group>"; };
		3A0CBDF62C5365B3000A6098 /* Xcode12_0UITestsLaunchTests.swift */ = {isa = PBXFileReference; lastKnownFileType = sourcecode.swift; path = Xcode12_0UITestsLaunchTests.swift; sourceTree = "<group>"; };
/* End PBXFileReference section */

/* Begin PBXFrameworksBuildPhase section */
		3A0CBDCD2C5365B2000A6098 /* Frameworks */ = {
			isa = PBXFrameworksBuildPhase;
			buildActionMask = 2147483647;
			files = (
			);
			runOnlyForDeploymentPostprocessing = 0;
		};
		3A0CBDE32C5365B3000A6098 /* Frameworks */ = {
			isa = PBXFrameworksBuildPhase;
			buildActionMask = 2147483647;
			files = (
			);
			runOnlyForDeploymentPostprocessing = 0;
		};
		3A0CBDED2C5365B3000A6098 /* Frameworks */ = {
			isa = PBXFrameworksBuildPhase;
			buildActionMask = 2147483647;
			files = (
			);
			runOnlyForDeploymentPostprocessing = 0;
		};
/* End PBXFrameworksBuildPhase section */

/* Begin PBXGroup section */
		3A0CBDC72C5365B1000A6098 = {
			isa = PBXGroup;
			children = (
				3A0CBDD22C5365B2000A6098 /* Xcode12.0 */,
				3A0CBDE92C5365B3000A6098 /* Xcode12.0Tests */,
				3A0CBDF32C5365B3000A6098 /* Xcode12.0UITests */,
				3A0CBDD12C5365B2000A6098 /* Products */,
			);
			sourceTree = "<group>";
		};
		3A0CBDD12C5365B2000A6098 /* Products */ = {
			isa = PBXGroup;
			children = (
				3A0CBDD02C5365B2000A6098 /* Xcode12.0.app */,
				3A0CBDE62C5365B3000A6098 /* Xcode12.0Tests.xctest */,
				3A0CBDF02C5365B3000A6098 /* Xcode12.0UITests.xctest */,
			);
			name = Products;
			sourceTree = "<group>";
		};
		3A0CBDD22C5365B2000A6098 /* Xcode12.0 */ = {
			isa = PBXGroup;
			children = (
				3A0CBDD32C5365B2000A6098 /* AppDelegate.swift */,
				3A0CBDD52C5365B2000A6098 /* SceneDelegate.swift */,
				3A0CBDD72C5365B2000A6098 /* ViewController.swift */,
				3A0CBDD92C5365B2000A6098 /* Main.storyboard */,
				3A0CBDDC2C5365B3000A6098 /* Assets.xcassets */,
				3A0CBDDE2C5365B3000A6098 /* LaunchScreen.storyboard */,
				3A0CBDE12C5365B3000A6098 /* Info.plist */,
			);
			path = Xcode12.0;
			sourceTree = "<group>";
		};
		3A0CBDE92C5365B3000A6098 /* Xcode12.0Tests */ = {
			isa = PBXGroup;
			children = (
				3A0CBDEA2C5365B3000A6098 /* Xcode12_0Tests.swift */,
			);
			path = Xcode12.0Tests;
			sourceTree = "<group>";
		};
		3A0CBDF32C5365B3000A6098 /* Xcode12.0UITests */ = {
			isa = PBXGroup;
			children = (
				3A0CBDF42C5365B3000A6098 /* Xcode12_0UITests.swift */,
				3A0CBDF62C5365B3000A6098 /* Xcode12_0UITestsLaunchTests.swift */,
			);
			path = Xcode12.0UITests;
			sourceTree = "<group>";
		};
/* End PBXGroup section */

/* Begin PBXNativeTarget section */
		3A0CBDCF2C5365B2000A6098 /* Xcode12.0 */ = {
			isa = PBXNativeTarget;
			buildConfigurationList = 3A0CBDFA2C5365B3000A6098 /* Build configuration list for PBXNativeTarget "Xcode12.0" */;
			buildPhases = (
				3A0CBDCC2C5365B2000A6098 /* Sources */,
				3A0CBDCD2C5365B2000A6098 /* Frameworks */,
				3A0CBDCE2C5365B2000A6098 /* Resources */,
			);
			buildRules = (
			);
			dependencies = (
			);
			name = Xcode12.0;
			productName = Xcode12.0;
			productReference = 3A0CBDD02C5365B2000A6098 /* Xcode12.0.app */;
			productType = "com.apple.product-type.application";
		};
		3A0CBDE52C5365B3000A6098 /* Xcode12.0Tests */ = {
			isa = PBXNativeTarget;
			buildConfigurationList = 3A0CBDFD2C5365B3000A6098 /* Build configuration list for PBXNativeTarget "Xcode12.0Tests" */;
			buildPhases = (
				3A0CBDE22C5365B3000A6098 /* Sources */,
				3A0CBDE32C5365B3000A6098 /* Frameworks */,
				3A0CBDE42C5365B3000A6098 /* Resources */,
			);
			buildRules = (
			);
			dependencies = (
				3A0CBDE82C5365B3000A6098 /* PBXTargetDependency */,
			);
			name = Xcode12.0Tests;
			productName = Xcode12.0Tests;
			productReference = 3A0CBDE62C5365B3000A6098 /* Xcode12.0Tests.xctest */;
			productType = "com.apple.product-type.bundle.unit-test";
		};
		3A0CBDEF2C5365B3000A6098 /* Xcode12.0UITests */ = {
			isa = PBXNativeTarget;
			buildConfigurationList = 3A0CBE002C5365B3000A6098 /* Build configuration list for PBXNativeTarget "Xcode12.0UITests" */;
			buildPhases = (
				3A0CBDEC2C5365B3000A6098 /* Sources */,
				3A0CBDED2C5365B3000A6098 /* Frameworks */,
				3A0CBDEE2C5365B3000A6098 /* Resources */,
			);
			buildRules = (
			);
			dependencies = (
				3A0CBDF22C5365B3000A6098 /* PBXTargetDependency */,
			);
			name = Xcode12.0UITests;
			productName = Xcode12.0UITests;
			productReference = 3A0CBDF02C5365B3000A6098 /* Xcode12.0UITests.xctest */;
			productType = "com.apple.product-type.bundle.ui-testing";
		};
/* End PBXNativeTarget section */

/* Begin PBXProject section */
		3A0CBDC82C5365B1000A6098 /* Project object */ = {
			isa = PBXProject;
			attributes = {
				BuildIndependentTargetsInParallel = 1;
				LastSwiftUpdateCheck = 1530;
				LastUpgradeCheck = 1530;
				TargetAttributes = {
					3A0CBDCF2C5365B2000A6098 = {
						CreatedOnToolsVersion = 15.3;
					};
					3A0CBDE52C5365B3000A6098 = {
						CreatedOnToolsVersion = 15.3;
						TestTargetID = 3A0CBDCF2C5365B2000A6098;
					};
					3A0CBDEF2C5365B3000A6098 = {
						CreatedOnToolsVersion = 15.3;
						TestTargetID = 3A0CBDCF2C5365B2000A6098;
					};
				};
			};
			buildConfigurationList = 3A0CBDCB2C5365B1000A6098 /* Build configuration list for PBXProject "Xcode12.0" */;
			compatibilityVersion = "Xcode 14.0";
			developmentRegion = en;
			hasScannedForEncodings = 0;
			knownRegions = (
				en,
				Base,
			);
			mainGroup = 3A0CBDC72C5365B1000A6098;
			productRefGroup = 3A0CBDD12C5365B2000A6098 /* Products */;
			projectDirPath = "";
			projectRoot = "";
			targets = (
				3A0CBDCF2C5365B2000A6098 /* Xcode12.0 */,
				3A0CBDE52C5365B3000A6098 /* Xcode12.0Tests */,
				3A0CBDEF2C5365B3000A6098 /* Xcode12.0UITests */,
			);
		};
/* End PBXProject section */

/* Begin PBXResourcesBuildPhase section */
		3A0CBDCE2C5365B2000A6098 /* Resources */ = {
			isa = PBXResourcesBuildPhase;
			buildActionMask = 2147483647;
			files = (
				3A0CBDDD2C5365B3000A6098 /* Assets.xcassets in Resources */,
				3A0CBDE02C5365B3000A6098 /* Base in Resources */,
				3A0CBDDB2C5365B2000A6098 /* Base in Resources */,
			);
			runOnlyForDeploymentPostprocessing = 0;
		};
		3A0CBDE42C5365B3000A6098 /* Resources */ = {
			isa = PBXResourcesBuildPhase;
			buildActionMask = 2147483647;
			files = (
			);
			runOnlyForDeploymentPostprocessing = 0;
		};
		3A0CBDEE2C5365B3000A6098 /* Resources */ = {
			isa = PBXResourcesBuildPhase;
			buildActionMask = 2147483647;
			files = (
			);
			runOnlyForDeploymentPostprocessing = 0;
		};
/* End PBXResourcesBuildPhase section */

/* Begin PBXSourcesBuildPhase section */
		3A0CBDCC2C5365B2000A6098 /* Sources */ = {
			isa = PBXSourcesBuildPhase;
			buildActionMask = 2147483647;
			files = (
				3A0CBDD82C5365B2000A6098 /* ViewController.swift in Sources */,
				3A0CBDD42C5365B2000A6098 /* AppDelegate.swift in Sources */,
				3A0CBDD62C5365B2000A6098 /* SceneDelegate.swift in Sources */,
			);
			runOnlyForDeploymentPostprocessing = 0;
		};
		3A0CBDE22C5365B3000A6098 /* Sources */ = {
			isa = PBXSourcesBuildPhase;
			buildActionMask = 2147483647;
			files = (
				3A0CBDEB2C5365B3000A6098 /* Xcode12_0Tests.swift in Sources */,
			);
			runOnlyForDeploymentPostprocessing = 0;
		};
		3A0CBDEC2C5365B3000A6098 /* Sources */ = {
			isa = PBXSourcesBuildPhase;
			buildActionMask = 2147483647;
			files = (
				3A0CBDF72C5365B3000A6098 /* Xcode12_0UITestsLaunchTests.swift in Sources */,
				3A0CBDF52C5365B3000A6098 /* Xcode12_0UITests.swift in Sources */,
			);
			runOnlyForDeploymentPostprocessing = 0;
		};
/* End PBXSourcesBuildPhase section */

/* Begin PBXTargetDependency section */
		3A0CBDE82C5365B3000A6098 /* PBXTargetDependency */ = {
			isa = PBXTargetDependency;
			target = 3A0CBDCF2C5365B2000A6098 /* Xcode12.0 */;
			targetProxy = 3A0CBDE72C5365B3000A6098 /* PBXContainerItemProxy */;
		};
		3A0CBDF22C5365B3000A6098 /* PBXTargetDependency */ = {
			isa = PBXTargetDependency;
			target = 3A0CBDCF2C5365B2000A6098 /* Xcode12.0 */;
			targetProxy = 3A0CBDF12C5365B3000A6098 /* PBXContainerItemProxy */;
		};
/* End PBXTargetDependency section */

/* Begin PBXVariantGroup section */
		3A0CBDD92C5365B2000A6098 /* Main.storyboard */ = {
			isa = PBXVariantGroup;
			children = (
				3A0CBDDA2C5365B2000A6098 /* Base */,
			);
			name = Main.storyboard;
			sourceTree = "<group>";
		};
		3A0CBDDE2C5365B3000A6098 /* LaunchScreen.storyboard */ = {
			isa = PBXVariantGroup;
			children = (
				3A0CBDDF2C5365B3000A6098 /* Base */,
			);
			name = LaunchScreen.storyboard;
			sourceTree = "<group>";
		};
/* End PBXVariantGroup section */

/* Begin XCBuildConfiguration section */
		3A0CBDF82C5365B3000A6098 /* Debug */ = {
			isa = XCBuildConfiguration;
			buildSettings = {
				ALWAYS_SEARCH_USER_PATHS = NO;
				ASSETCATALOG_COMPILER_GENERATE_SWIFT_ASSET_SYMBOL_EXTENSIONS = YES;
				CLANG_ANALYZER_NONNULL = YES;
				CLANG_ANALYZER_NUMBER_OBJECT_CONVERSION = YES_AGGRESSIVE;
				CLANG_CXX_LANGUAGE_STANDARD = "gnu++20";
				CLANG_ENABLE_MODULES = YES;
				CLANG_ENABLE_OBJC_ARC = YES;
				CLANG_ENABLE_OBJC_WEAK = YES;
				CLANG_WARN_BLOCK_CAPTURE_AUTORELEASING = YES;
				CLANG_WARN_BOOL_CONVERSION = YES;
				CLANG_WARN_COMMA = YES;
				CLANG_WARN_CONSTANT_CONVERSION = YES;
				CLANG_WARN_DEPRECATED_OBJC_IMPLEMENTATIONS = YES;
				CLANG_WARN_DIRECT_OBJC_ISA_USAGE = YES_ERROR;
				CLANG_WARN_DOCUMENTATION_COMMENTS = YES;
				CLANG_WARN_EMPTY_BODY = YES;
				CLANG_WARN_ENUM_CONVERSION = YES;
				CLANG_WARN_INFINITE_RECURSION = YES;
				CLANG_WARN_INT_CONVERSION = YES;
				CLANG_WARN_NON_LITERAL_NULL_CONVERSION = YES;
				CLANG_WARN_OBJC_IMPLICIT_RETAIN_SELF = YES;
				CLANG_WARN_OBJC_LITERAL_CONVERSION = YES;
				CLANG_WARN_OBJC_ROOT_CLASS = YES_ERROR;
				CLANG_WARN_QUOTED_INCLUDE_IN_FRAMEWORK_HEADER = YES;
				CLANG_WARN_RANGE_LOOP_ANALYSIS = YES;
				CLANG_WARN_STRICT_PROTOTYPES = YES;
				CLANG_WARN_SUSPICIOUS_MOVE = YES;
				CLANG_WARN_UNGUARDED_AVAILABILITY = YES_AGGRESSIVE;
				CLANG_WARN_UNREACHABLE_CODE = YES;
				CLANG_WARN__DUPLICATE_METHOD_MATCH = YES;
				COPY_PHASE_STRIP = NO;
				DEBUG_INFORMATION_FORMAT = dwarf;
				ENABLE_STRICT_OBJC_MSGSEND = YES;
				ENABLE_TESTABILITY = YES;
				ENABLE_USER_SCRIPT_SANDBOXING = YES;
				GCC_C_LANGUAGE_STANDARD = gnu17;
				GCC_DYNAMIC_NO_PIC = NO;
				GCC_NO_COMMON_BLOCKS = YES;
				GCC_OPTIMIZATION_LEVEL = 0;
				GCC_PREPROCESSOR_DEFINITIONS = (
					"DEBUG=1",
					"$(inherited)",
				);
				GCC_WARN_64_TO_32_BIT_CONVERSION = YES;
				GCC_WARN_ABOUT_RETURN_TYPE = YES_ERROR;
				GCC_WARN_UNDECLARED_SELECTOR = YES;
				GCC_WARN_UNINITIALIZED_AUTOS = YES_AGGRESSIVE;
				GCC_WARN_UNUSED_FUNCTION = YES;
				GCC_WARN_UNUSED_VARIABLE = YES;
				IPHONEOS_DEPLOYMENT_TARGET = 17.4;
				LOCALIZATION_PREFERS_STRING_CATALOGS = YES;
				MTL_ENABLE_DEBUG_INFO = INCLUDE_SOURCE;
				MTL_FAST_MATH = YES;
				ONLY_ACTIVE_ARCH = YES;
				SDKROOT = iphoneos;
				SWIFT_ACTIVE_COMPILATION_CONDITIONS = "DEBUG $(inherited)";
				SWIFT_OPTIMIZATION_LEVEL = "-Onone";
			};
			name = Debug;
		};
		3A0CBDF92C5365B3000A6098 /* Release */ = {
			isa = XCBuildConfiguration;
			buildSettings = {
				ALWAYS_SEARCH_USER_PATHS = NO;
				ASSETCATALOG_COMPILER_GENERATE_SWIFT_ASSET_SYMBOL_EXTENSIONS = YES;
				CLANG_ANALYZER_NONNULL = YES;
				CLANG_ANALYZER_NUMBER_OBJECT_CONVERSION = YES_AGGRESSIVE;
				CLANG_CXX_LANGUAGE_STANDARD = "gnu++20";
				CLANG_ENABLE_MODULES = YES;
				CLANG_ENABLE_OBJC_ARC = YES;
				CLANG_ENABLE_OBJC_WEAK = YES;
				CLANG_WARN_BLOCK_CAPTURE_AUTORELEASING = YES;
				CLANG_WARN_BOOL_CONVERSION = YES;
				CLANG_WARN_COMMA = YES;
				CLANG_WARN_CONSTANT_CONVERSION = YES;
				CLANG_WARN_DEPRECATED_OBJC_IMPLEMENTATIONS = YES;
				CLANG_WARN_DIRECT_OBJC_ISA_USAGE = YES_ERROR;
				CLANG_WARN_DOCUMENTATION_COMMENTS = YES;
				CLANG_WARN_EMPTY_BODY = YES;
				CLANG_WARN_ENUM_CONVERSION = YES;
				CLANG_WARN_INFINITE_RECURSION = YES;
				CLANG_WARN_INT_CONVERSION = YES;
				CLANG_WARN_NON_LITERAL_NULL_CONVERSION = YES;
				CLANG_WARN_OBJC_IMPLICIT_RETAIN_SELF = YES;
				CLANG_WARN_OBJC_LITERAL_CONVERSION = YES;
				CLANG_WARN_OBJC_ROOT_CLASS = YES_ERROR;
				CLANG_WARN_QUOTED_INCLUDE_IN_FRAMEWORK_HEADER = YES;
				CLANG_WARN_RANGE_LOOP_ANALYSIS = YES;
				CLANG_WARN_STRICT_PROTOTYPES = YES;
				CLANG_WARN_SUSPICIOUS_MOVE = YES;
				CLANG_WARN_UNGUARDED_AVAILABILITY = YES_AGGRESSIVE;
				CLANG_WARN_UNREACHABLE_CODE = YES;
				CLANG_WARN__DUPLICATE_METHOD_MATCH = YES;
				COPY_PHASE_STRIP = NO;
				DEBUG_INFORMATION_FORMAT = "dwarf-with-dsym";
				ENABLE_NS_ASSERTIONS = NO;
				ENABLE_STRICT_OBJC_MSGSEND = YES;
				ENABLE_USER_SCRIPT_SANDBOXING = YES;
				GCC_C_LANGUAGE_STANDARD = gnu17;
				GCC_NO_COMMON_BLOCKS = YES;
				GCC_WARN_64_TO_32_BIT_CONVERSION = YES;
				GCC_WARN_ABOUT_RETURN_TYPE = YES_ERROR;
				GCC_WARN_UNDECLARED_SELECTOR = YES;
				GCC_WARN_UNINITIALIZED_AUTOS = YES_AGGRESSIVE;
				GCC_WARN_UNUSED_FUNCTION = YES;
				GCC_WARN_UNUSED_VARIABLE = YES;
				IPHONEOS_DEPLOYMENT_TARGET = 17.4;
				LOCALIZATION_PREFERS_STRING_CATALOGS = YES;
				MTL_ENABLE_DEBUG_INFO = NO;
				MTL_FAST_MATH = YES;
				SDKROOT = iphoneos;
				SWIFT_COMPILATION_MODE = wholemodule;
				VALIDATE_PRODUCT = YES;
			};
			name = Release;
		};
		3A0CBDFB2C5365B3000A6098 /* Debug */ = {
			isa = XCBuildConfiguration;
			buildSettings = {
				ASSETCATALOG_COMPILER_APPICON_NAME = AppIcon;
				ASSETCATALOG_COMPILER_GLOBAL_ACCENT_COLOR_NAME = AccentColor;
				CODE_SIGN_STYLE = Automatic;
				CURRENT_PROJECT_VERSION = 1;
				GENERATE_INFOPLIST_FILE = YES;
				INFOPLIST_FILE = Xcode12.0/Info.plist;
				INFOPLIST_KEY_UIApplicationSupportsIndirectInputEvents = YES;
				INFOPLIST_KEY_UILaunchStoryboardName = LaunchScreen;
				INFOPLIST_KEY_UIMainStoryboardFile = Main;
				INFOPLIST_KEY_UISupportedInterfaceOrientations_iPad = "UIInterfaceOrientationPortrait UIInterfaceOrientationPortraitUpsideDown UIInterfaceOrientationLandscapeLeft UIInterfaceOrientationLandscapeRight";
				INFOPLIST_KEY_UISupportedInterfaceOrientations_iPhone = "UIInterfaceOrientationPortrait UIInterfaceOrientationLandscapeLeft UIInterfaceOrientationLandscapeRight";
				LD_RUNPATH_SEARCH_PATHS = (
					"$(inherited)",
					"@executable_path/Frameworks",
				);
				MARKETING_VERSION = 1.0;
				PRODUCT_BUNDLE_IDENTIFIER = "com.tarappo.Xcode12-0";
				PRODUCT_NAME = "$(TARGET_NAME)";
				SWIFT_EMIT_LOC_STRINGS = YES;
				SWIFT_VERSION = 5.0;
				TARGETED_DEVICE_FAMILY = "1,2";
			};
			name = Debug;
		};
		3A0CBDFC2C5365B3000A6098 /* Release */ = {
			isa = XCBuildConfiguration;
			buildSettings = {
				ASSETCATALOG_COMPILER_APPICON_NAME = AppIcon;
				ASSETCATALOG_COMPILER_GLOBAL_ACCENT_COLOR_NAME = AccentColor;
				CODE_SIGN_STYLE = Automatic;
				CURRENT_PROJECT_VERSION = 1;
				GENERATE_INFOPLIST_FILE = YES;
				INFOPLIST_FILE = Xcode12.0/Info.plist;
				INFOPLIST_KEY_UIApplicationSupportsIndirectInputEvents = YES;
				INFOPLIST_KEY_UILaunchStoryboardName = LaunchScreen;
				INFOPLIST_KEY_UIMainStoryboardFile = Main;
				INFOPLIST_KEY_UISupportedInterfaceOrientations_iPad = "UIInterfaceOrientationPortrait UIInterfaceOrientationPortraitUpsideDown UIInterfaceOrientationLandscapeLeft UIInterfaceOrientationLandscapeRight";
				INFOPLIST_KEY_UISupportedInterfaceOrientations_iPhone = "UIInterfaceOrientationPortrait UIInterfaceOrientationLandscapeLeft UIInterfaceOrientationLandscapeRight";
				LD_RUNPATH_SEARCH_PATHS = (
					"$(inherited)",
					"@executable_path/Frameworks",
				);
				MARKETING_VERSION = 1.0;
				PRODUCT_BUNDLE_IDENTIFIER = "com.tarappo.Xcode12-0";
				PRODUCT_NAME = "$(TARGET_NAME)";
				SWIFT_EMIT_LOC_STRINGS = YES;
				SWIFT_VERSION = 5.0;
				TARGETED_DEVICE_FAMILY = "1,2";
			};
			name = Release;
		};
		3A0CBDFE2C5365B3000A6098 /* Debug */ = {
			isa = XCBuildConfiguration;
			buildSettings = {
				ALWAYS_EMBED_SWIFT_STANDARD_LIBRARIES = YES;
				BUNDLE_LOADER = "$(TEST_HOST)";
				CODE_SIGN_STYLE = Automatic;
				CURRENT_PROJECT_VERSION = 1;
				GENERATE_INFOPLIST_FILE = YES;
				IPHONEOS_DEPLOYMENT_TARGET = 17.4;
				MARKETING_VERSION = 1.0;
				PRODUCT_BUNDLE_IDENTIFIER = "com.tarappo.Xcode12-0Tests";
				PRODUCT_NAME = "$(TARGET_NAME)";
				SWIFT_EMIT_LOC_STRINGS = NO;
				SWIFT_VERSION = 5.0;
				TARGETED_DEVICE_FAMILY = "1,2";
				TEST_HOST = "$(BUILT_PRODUCTS_DIR)/Xcode12.0.app/$(BUNDLE_EXECUTABLE_FOLDER_PATH)/Xcode12.0";
			};
			name = Debug;
		};
		3A0CBDFF2C5365B3000A6098 /* Release */ = {
			isa = XCBuildConfiguration;
			buildSettings = {
				ALWAYS_EMBED_SWIFT_STANDARD_LIBRARIES = YES;
				BUNDLE_LOADER = "$(TEST_HOST)";
				CODE_SIGN_STYLE = Automatic;
				CURRENT_PROJECT_VERSION = 1;
				GENERATE_INFOPLIST_FILE = YES;
				IPHONEOS_DEPLOYMENT_TARGET = 17.4;
				MARKETING_VERSION = 1.0;
				PRODUCT_BUNDLE_IDENTIFIER = "com.tarappo.Xcode12-0Tests";
				PRODUCT_NAME = "$(TARGET_NAME)";
				SWIFT_EMIT_LOC_STRINGS = NO;
				SWIFT_VERSION = 5.0;
				TARGETED_DEVICE_FAMILY = "1,2";
				TEST_HOST = "$(BUILT_PRODUCTS_DIR)/Xcode12.0.app/$(BUNDLE_EXECUTABLE_FOLDER_PATH)/Xcode12.0";
			};
			name = Release;
		};
		3A0CBE012C5365B3000A6098 /* Debug */ = {
			isa = XCBuildConfiguration;
			buildSettings = {
				ALWAYS_EMBED_SWIFT_STANDARD_LIBRARIES = YES;
				CODE_SIGN_STYLE = Automatic;
				CURRENT_PROJECT_VERSION = 1;
				GENERATE_INFOPLIST_FILE = YES;
				MARKETING_VERSION = 1.0;
				PRODUCT_BUNDLE_IDENTIFIER = "com.tarappo.Xcode12-0UITests";
				PRODUCT_NAME = "$(TARGET_NAME)";
				SWIFT_EMIT_LOC_STRINGS = NO;
				SWIFT_VERSION = 5.0;
				TARGETED_DEVICE_FAMILY = "1,2";
				TEST_TARGET_NAME = Xcode12.0;
			};
			name = Debug;
		};
		3A0CBE022C5365B3000A6098 /* Release */ = {
			isa = XCBuildConfiguration;
			buildSettings = {
				ALWAYS_EMBED_SWIFT_STANDARD_LIBRARIES = YES;
				CODE_SIGN_STYLE = Automatic;
				CURRENT_PROJECT_VERSION = 1;
				GENERATE_INFOPLIST_FILE = YES;
				MARKETING_VERSION = 1.0;
				PRODUCT_BUNDLE_IDENTIFIER = "com.tarappo.Xcode12-0UITests";
				PRODUCT_NAME = "$(TARGET_NAME)";
				SWIFT_EMIT_LOC_STRINGS = NO;
				SWIFT_VERSION = 5.0;
				TARGETED_DEVICE_FAMILY = "1,2";
				TEST_TARGET_NAME = Xcode12.0;
			};
			name = Release;
		};
/* End XCBuildConfiguration section */

/* Begin XCConfigurationList section */
		3A0CBDCB2C5365B1000A6098 /* Build configuration list for PBXProject "Xcode12.0" */ = {
			isa = XCConfigurationList;
			buildConfigurations = (
				3A0CBDF82C5365B3000A6098 /* Debug */,
				3A0CBDF92C5365B3000A6098 /* Release */,
			);
			defaultConfigurationIsVisible = 0;
			defaultConfigurationName = Release;
		};
		3A0CBDFA2C5365B3000A6098 /* Build configuration list for PBXNativeTarget "Xcode12.0" */ = {
			isa = XCConfigurationList;
			buildConfigurations = (
				3A0CBDFB2C5365B3000A6098 /* Debug */,
				3A0CBDFC2C5365B3000A6098 /* Release */,
			);
			defaultConfigurationIsVisible = 0;
			defaultConfigurationName = Release;
		};
		3A0CBDFD2C5365B3000A6098 /* Build configuration list for PBXNativeTarget "Xcode12.0Tests" */ = {
			isa = XCConfigurationList;
			buildConfigurations = (
				3A0CBDFE2C5365B3000A6098 /* Debug */,
				3A0CBDFF2C5365B3000A6098 /* Release */,
			);
			defaultConfigurationIsVisible = 0;
			defaultConfigurationName = Release;
		};
		3A0CBE002C5365B3000A6098 /* Build configuration list for PBXNativeTarget "Xcode12.0UITests" */ = {
			isa = XCConfigurationList;
			buildConfigurations = (
				3A0CBE012C5365B3000A6098 /* Debug */,
				3A0CBE022C5365B3000A6098 /* Release */,
			);
			defaultConfigurationIsVisible = 0;
			defaultConfigurationName = Release;
		};
/* End XCConfigurationList section */
	};
	rootObject = 3A0CBDC82C5365B1000A6098 /* Project object */;
}
